// !$*UTF8*$!
{
	archiveVersion = 1;
	classes = {
	};
	objectVersion = 46;
	objects = {

/* Begin PBXBuildFile section */
		FAD582571F45356500BE0760 /* main.m in Sources */ = {isa = PBXBuildFile; fileRef = FAD582561F45356500BE0760 /* main.m */; };
		FAD5825A1F45356500BE0760 /* AppDelegate.m in Sources */ = {isa = PBXBuildFile; fileRef = FAD582591F45356500BE0760 /* AppDelegate.m */; };
		FAD5825D1F45356500BE0760 /* ViewController.m in Sources */ = {isa = PBXBuildFile; fileRef = FAD5825C1F45356500BE0760 /* ViewController.m */; };
		FAD582601F45356500BE0760 /* Main.storyboard in Resources */ = {isa = PBXBuildFile; fileRef = FAD5825E1F45356500BE0760 /* Main.storyboard */; };
		FAD582621F45356500BE0760 /* Assets.xcassets in Resources */ = {isa = PBXBuildFile; fileRef = FAD582611F45356500BE0760 /* Assets.xcassets */; };
		FAD582651F45356500BE0760 /* LaunchScreen.storyboard in Resources */ = {isa = PBXBuildFile; fileRef = FAD582631F45356500BE0760 /* LaunchScreen.storyboard */; };
/* End PBXBuildFile section */

/* Begin PBXFileReference section */
		FAD582521F45356500BE0760 /* CJNavigationBarExample.app */ = {isa = PBXFileReference; explicitFileType = wrapper.application; includeInIndex = 0; path = CJNavigationBarExample.app; sourceTree = BUILT_PRODUCTS_DIR; };
		FAD582561F45356500BE0760 /* main.m */ = {isa = PBXFileReference; lastKnownFileType = sourcecode.c.objc; path = main.m; sourceTree = "<group>"; };
		FAD582581F45356500BE0760 /* AppDelegate.h */ = {isa = PBXFileReference; lastKnownFileType = sourcecode.c.h; path = AppDelegate.h; sourceTree = "<group>"; };
		FAD582591F45356500BE0760 /* AppDelegate.m */ = {isa = PBXFileReference; lastKnownFileType = sourcecode.c.objc; path = AppDelegate.m; sourceTree = "<group>"; };
		FAD5825B1F45356500BE0760 /* ViewController.h */ = {isa = PBXFileReference; lastKnownFileType = sourcecode.c.h; path = ViewController.h; sourceTree = "<group>"; };
		FAD5825C1F45356500BE0760 /* ViewController.m */ = {isa = PBXFileReference; lastKnownFileType = sourcecode.c.objc; path = ViewController.m; sourceTree = "<group>"; };
		FAD5825F1F45356500BE0760 /* Base */ = {isa = PBXFileReference; lastKnownFileType = file.storyboard; name = Base; path = Base.lproj/Main.storyboard; sourceTree = "<group>"; };
		FAD582611F45356500BE0760 /* Assets.xcassets */ = {isa = PBXFileReference; lastKnownFileType = folder.assetcatalog; path = Assets.xcassets; sourceTree = "<group>"; };
		FAD582641F45356500BE0760 /* Base */ = {isa = PBXFileReference; lastKnownFileType = file.storyboard; name = Base; path = Base.lproj/LaunchScreen.storyboard; sourceTree = "<group>"; };
		FAD582661F45356500BE0760 /* Info.plist */ = {isa = PBXFileReference; lastKnownFileType = text.plist.xml; path = Info.plist; sourceTree = "<group>"; };
/* End PBXFileReference section */

/* Begin PBXFrameworksBuildPhase section */
		FAD5824F1F45356500BE0760 /* Frameworks */ = {
			isa = PBXFrameworksBuildPhase;
			buildActionMask = 2147483647;
			files = (
			);
			runOnlyForDeploymentPostprocessing = 0;
		};
/* End PBXFrameworksBuildPhase section */

/* Begin PBXGroup section */
		FAD582491F45356500BE0760 = {
			isa = PBXGroup;
			children = (
				FAD582541F45356500BE0760 /* CJNavigationBarExample */,
				FAD582531F45356500BE0760 /* Products */,
			);
			sourceTree = "<group>";
		};
		FAD582531F45356500BE0760 /* Products */ = {
			isa = PBXGroup;
			children = (
				FAD582521F45356500BE0760 /* CJNavigationBarExample.app */,
			);
			name = Products;
			sourceTree = "<group>";
		};
		FAD582541F45356500BE0760 /* CJNavigationBarExample */ = {
			isa = PBXGroup;
			children = (
				FAD582581F45356500BE0760 /* AppDelegate.h */,
				FAD582591F45356500BE0760 /* AppDelegate.m */,
				FAD5825B1F45356500BE0760 /* ViewController.h */,
				FAD5825C1F45356500BE0760 /* ViewController.m */,
				FAD5825E1F45356500BE0760 /* Main.storyboard */,
				FAD582611F45356500BE0760 /* Assets.xcassets */,
				FAD582631F45356500BE0760 /* LaunchScreen.storyboard */,
				FAD582661F45356500BE0760 /* Info.plist */,
				FAD582551F45356500BE0760 /* Supporting Files */,
			);
			path = CJNavigationBarExample;
			sourceTree = "<group>";
		};
		FAD582551F45356500BE0760 /* Supporting Files */ = {
			isa = PBXGroup;
			children = (
				FAD582561F45356500BE0760 /* main.m */,
			);
			name = "Supporting Files";
			sourceTree = "<group>";
		};
/* End PBXGroup section */

/* Begin PBXNativeTarget section */
		FAD582511F45356500BE0760 /* CJNavigationBarExample */ = {
			isa = PBXNativeTarget;
			buildConfigurationList = FAD582691F45356500BE0760 /* Build configuration list for PBXNativeTarget "CJNavigationBarExample" */;
			buildPhases = (
				FAD5824E1F45356500BE0760 /* Sources */,
				FAD5824F1F45356500BE0760 /* Frameworks */,
				FAD582501F45356500BE0760 /* Resources */,
			);
			buildRules = (
			);
			dependencies = (
			);
			name = CJNavigationBarExample;
			productName = CJNavigationBarExample;
			productReference = FAD582521F45356500BE0760 /* CJNavigationBarExample.app */;
			productType = "com.apple.product-type.application";
		};
/* End PBXNativeTarget section */

/* Begin PBXProject section */
		FAD5824A1F45356500BE0760 /* Project object */ = {
			isa = PBXProject;
			attributes = {
				LastUpgradeCheck = 0830;
				ORGANIZATIONNAME = zwu;
				TargetAttributes = {
					FAD582511F45356500BE0760 = {
						CreatedOnToolsVersion = 8.3.3;
						DevelopmentTeam = LQB76773LR;
						ProvisioningStyle = Automatic;
					};
				};
			};
			buildConfigurationList = FAD5824D1F45356500BE0760 /* Build configuration list for PBXProject "CJNavigationBarExample" */;
			compatibilityVersion = "Xcode 3.2";
			developmentRegion = English;
			hasScannedForEncodings = 0;
			knownRegions = (
				en,
				Base,
			);
			mainGroup = FAD582491F45356500BE0760;
			productRefGroup = FAD582531F45356500BE0760 /* Products */;
			projectDirPath = "";
			projectRoot = "";
			targets = (
				FAD582511F45356500BE0760 /* CJNavigationBarExample */,
			);
		};
/* End PBXProject section */

/* Begin PBXResourcesBuildPhase section */
		FAD582501F45356500BE0760 /* Resources */ = {
			isa = PBXResourcesBuildPhase;
			buildActionMask = 2147483647;
			files = (
				FAD582651F45356500BE0760 /* LaunchScreen.storyboard in Resources */,
				FAD582621F45356500BE0760 /* Assets.xcassets in Resources */,
				FAD582601F45356500BE0760 /* Main.storyboard in Resources */,
			);
			runOnlyForDeploymentPostprocessing = 0;
		};
/* End PBXResourcesBuildPhase section */

/* Begin PBXSourcesBuildPhase section */
		FAD5824E1F45356500BE0760 /* Sources */ = {
			isa = PBXSourcesBuildPhase;
			buildActionMask = 2147483647;
			files = (
				FAD5825D1F45356500BE0760 /* ViewController.m in Sources */,
				FAD5825A1F45356500BE0760 /* AppDelegate.m in Sources */,
				FAD582571F45356500BE0760 /* main.m in Sources */,
			);
			runOnlyForDeploymentPostprocessing = 0;
		};
/* End PBXSourcesBuildPhase section */

/* Begin PBXVariantGroup section */
		FAD5825E1F45356500BE0760 /* Main.storyboard */ = {
			isa = PBXVariantGroup;
			children = (
				FAD5825F1F45356500BE0760 /* Base */,
			);
			name = Main.storyboard;
			sourceTree = "<group>";
		};
		FAD582631F45356500BE0760 /* LaunchScreen.storyboard */ = {
			isa = PBXVariantGroup;
			children = (
				FAD582641F45356500BE0760 /* Base */,
			);
			name = LaunchScreen.storyboard;
			sourceTree = "<group>";
		};
/* End PBXVariantGroup section */

/* Begin XCBuildConfiguration section */
		FAD582671F45356500BE0760 /* Debug */ = {
			isa = XCBuildConfiguration;
			buildSettings = {
				ALWAYS_SEARCH_USER_PATHS = NO;
				CLANG_ANALYZER_NONNULL = YES;
				CLANG_ANALYZER_NUMBER_OBJECT_CONVERSION = YES_AGGRESSIVE;
				CLANG_CXX_LANGUAGE_STANDARD = "gnu++0x";
				CLANG_CXX_LIBRARY = "libc++";
				CLANG_ENABLE_MODULES = YES;
				CLANG_ENABLE_OBJC_ARC = YES;
				CLANG_WARN_BOOL_CONVERSION = YES;
				CLANG_WARN_CONSTANT_CONVERSION = YES;
				CLANG_WARN_DIRECT_OBJC_ISA_USAGE = YES_ERROR;
				CLANG_WARN_DOCUMENTATION_COMMENTS = YES;
				CLANG_WARN_EMPTY_BODY = YES;
				CLANG_WARN_ENUM_CONVERSION = YES;
				CLANG_WARN_INFINITE_RECURSION = YES;
				CLANG_WARN_INT_CONVERSION = YES;
				CLANG_WARN_OBJC_ROOT_CLASS = YES_ERROR;
				CLANG_WARN_SUSPICIOUS_MOVE = YES;
				CLANG_WARN_UNREACHABLE_CODE = YES;
				CLANG_WARN__DUPLICATE_METHOD_MATCH = YES;
				"CODE_SIGN_IDENTITY[sdk=iphoneos*]" = "iPhone Developer";
				COPY_PHASE_STRIP = NO;
				DEBUG_INFORMATION_FORMAT = dwarf;
				ENABLE_STRICT_OBJC_MSGSEND = YES;
				ENABLE_TESTABILITY = YES;
				GCC_C_LANGUAGE_STANDARD = gnu99;
				GCC_DYNAMIC_NO_PIC = NO;
				GCC_NO_COMMON_BLOCKS = YES;
				GCC_OPTIMIZATION_LEVEL = 0;
				GCC_PREPROCESSOR_DEFINITIONS = (
					"DEBUG=1",
					"$(inherited)",
				);
				GCC_WARN_64_TO_32_BIT_CONVERSION = YES;
				GCC_WARN_ABOUT_RETURN_TYPE = YES_ERROR;
				GCC_WARN_UNDECLARED_SELECTOR = YES;
				GCC_WARN_UNINITIALIZED_AUTOS = YES_AGGRESSIVE;
				GCC_WARN_UNUSED_FUNCTION = YES;
				GCC_WARN_UNUSED_VARIABLE = YES;
				IPHONEOS_DEPLOYMENT_TARGET = 10.3;
				MTL_ENABLE_DEBUG_INFO = YES;
				ONLY_ACTIVE_ARCH = YES;
				SDKROOT = iphoneos;
			};
			name = Debug;
		};
		FAD582681F45356500BE0760 /* Release */ = {
			isa = XCBuildConfiguration;
			buildSettings = {
				ALWAYS_SEARCH_USER_PATHS = NO;
				CLANG_ANALYZER_NONNULL = YES;
				CLANG_ANALYZER_NUMBER_OBJECT_CONVERSION = YES_AGGRESSIVE;
				CLANG_CXX_LANGUAGE_STANDARD = "gnu++0x";
				CLANG_CXX_LIBRARY = "libc++";
				CLANG_ENABLE_MODULES = YES;
				CLANG_ENABLE_OBJC_ARC = YES;
				CLANG_WARN_BOOL_CONVERSION = YES;
				CLANG_WARN_CONSTANT_CONVERSION = YES;
				CLANG_WARN_DIRECT_OBJC_ISA_USAGE = YES_ERROR;
				CLANG_WARN_DOCUMENTATION_COMMENTS = YES;
				CLANG_WARN_EMPTY_BODY = YES;
				CLANG_WARN_ENUM_CONVERSION = YES;
				CLANG_WARN_INFINITE_RECURSION = YES;
				CLANG_WARN_INT_CONVERSION = YES;
				CLANG_WARN_OBJC_ROOT_CLASS = YES_ERROR;
				CLANG_WARN_SUSPICIOUS_MOVE = YES;
				CLANG_WARN_UNREACHABLE_CODE = YES;
				CLANG_WARN__DUPLICATE_METHOD_MATCH = YES;
				"CODE_SIGN_IDENTITY[sdk=iphoneos*]" = "iPhone Developer";
				COPY_PHASE_STRIP = NO;
				DEBUG_INFORMATION_FORMAT = "dwarf-with-dsym";
				ENABLE_NS_ASSERTIONS = NO;
				ENABLE_STRICT_OBJC_MSGSEND = YES;
				GCC_C_LANGUAGE_STANDARD = gnu99;
				GCC_NO_COMMON_BLOCKS = YES;
				GCC_WARN_64_TO_32_BIT_CONVERSION = YES;
				GCC_WARN_ABOUT_RETURN_TYPE = YES_ERROR;
				GCC_WARN_UNDECLARED_SELECTOR = YES;
				GCC_WARN_UNINITIALIZED_AUTOS = YES_AGGRESSIVE;
				GCC_WARN_UNUSED_FUNCTION = YES;
				GCC_WARN_UNUSED_VARIABLE = YES;
				IPHONEOS_DEPLOYMENT_TARGET = 10.3;
				MTL_ENABLE_DEBUG_INFO = NO;
				SDKROOT = iphoneos;
				VALIDATE_PRODUCT = YES;
			};
			name = Release;
		};
		FAD5826A1F45356500BE0760 /* Debug */ = {
			isa = XCBuildConfiguration;
			buildSettings = {
				ASSETCATALOG_COMPILER_APPICON_NAME = AppIcon;
				DEVELOPMENT_TEAM = LQB76773LR;
				INFOPLIST_FILE = CJNavigationBarExample/Info.plist;
				LD_RUNPATH_SEARCH_PATHS = "$(inherited) @executable_path/Frameworks";
				PRODUCT_BUNDLE_IDENTIFIER = cn.ChenJun.CJNavigationBarExample;
				PRODUCT_NAME = "$(TARGET_NAME)";
			};
			name = Debug;
		};
		FAD5826B1F45356500BE0760 /* Release */ = {
			isa = XCBuildConfiguration;
			buildSettings = {
				ASSETCATALOG_COMPILER_APPICON_NAME = AppIcon;
				DEVELOPMENT_TEAM = LQB76773LR;
				INFOPLIST_FILE = CJNavigationBarExample/Info.plist;
				LD_RUNPATH_SEARCH_PATHS = "$(inherited) @executable_path/Frameworks";
				PRODUCT_BUNDLE_IDENTIFIER = cn.ChenJun.CJNavigationBarExample;
				PRODUCT_NAME = "$(TARGET_NAME)";
			};
			name = Release;
		};
/* End XCBuildConfiguration section */

/* Begin XCConfigurationList section */
		FAD5824D1F45356500BE0760 /* Build configuration list for PBXProject "CJNavigationBarExample" */ = {
			isa = XCConfigurationList;
			buildConfigurations = (
				FAD582671F45356500BE0760 /* Debug */,
				FAD582681F45356500BE0760 /* Release */,
			);
			defaultConfigurationIsVisible = 0;
			defaultConfigurationName = Release;
		};
		FAD582691F45356500BE0760 /* Build configuration list for PBXNativeTarget "CJNavigationBarExample" */ = {
			isa = XCConfigurationList;
			buildConfigurations = (
				FAD5826A1F45356500BE0760 /* Debug */,
				FAD5826B1F45356500BE0760 /* Release */,
			);
			defaultConfigurationIsVisible = 0;
		};
/* End XCConfigurationList section */
	};
	rootObject = FAD5824A1F45356500BE0760 /* Project object */;
}
